// !$*UTF8*$!
{
	archiveVersion = 1;
	classes = {
	};
	objectVersion = 55;
	objects = {

/* Begin PBXBuildFile section */
		D42A107B27DC9B4D007060B4 /* QRScanner in Frameworks */ = {isa = PBXBuildFile; productRef = D42A107A27DC9B4D007060B4 /* QRScanner */; };
		D48D599827DA298600A0993A /* AppDelegate.swift in Sources */ = {isa = PBXBuildFile; fileRef = D48D599727DA298600A0993A /* AppDelegate.swift */; };
		D48D599A27DA298600A0993A /* SceneDelegate.swift in Sources */ = {isa = PBXBuildFile; fileRef = D48D599927DA298600A0993A /* SceneDelegate.swift */; };
		D48D59A427DA298700A0993A /* LaunchScreen.storyboard in Resources */ = {isa = PBXBuildFile; fileRef = D48D59A227DA298700A0993A /* LaunchScreen.storyboard */; };
		D48D59AB27DB8B3F00A0993A /* Assets.xcassets in Resources */ = {isa = PBXBuildFile; fileRef = D48D59A027DA298700A0993A /* Assets.xcassets */; };
		D4B36D8127DCBCD500C71343 /* QrScanViewController.swift in Sources */ = {isa = PBXBuildFile; fileRef = D4B36D8027DCBCD500C71343 /* QrScanViewController.swift */; };
		D4C8796427DCCA3500A8365D /* SnapKit in Frameworks */ = {isa = PBXBuildFile; productRef = D4C8796327DCCA3500A8365D /* SnapKit */; };
		D4C8796A27DDA4FC00A8365D /* MaskCALayer.swift in Sources */ = {isa = PBXBuildFile; fileRef = D4C8796927DDA4FC00A8365D /* MaskCALayer.swift */; };
		D4C8796D27DDB07300A8365D /* RxCocoa in Frameworks */ = {isa = PBXBuildFile; productRef = D4C8796C27DDB07300A8365D /* RxCocoa */; };
		D4C8796F27DDB07300A8365D /* RxRelay in Frameworks */ = {isa = PBXBuildFile; productRef = D4C8796E27DDB07300A8365D /* RxRelay */; };
		D4C8797127DDB07300A8365D /* RxSwift in Frameworks */ = {isa = PBXBuildFile; productRef = D4C8797027DDB07300A8365D /* RxSwift */; };
/* End PBXBuildFile section */

/* Begin PBXFileReference section */
		D48D599427DA298600A0993A /* TIMELAB-Prototype.app */ = {isa = PBXFileReference; explicitFileType = wrapper.application; includeInIndex = 0; path = "TIMELAB-Prototype.app"; sourceTree = BUILT_PRODUCTS_DIR; };
		D48D599727DA298600A0993A /* AppDelegate.swift */ = {isa = PBXFileReference; lastKnownFileType = sourcecode.swift; path = AppDelegate.swift; sourceTree = "<group>"; };
		D48D599927DA298600A0993A /* SceneDelegate.swift */ = {isa = PBXFileReference; lastKnownFileType = sourcecode.swift; path = SceneDelegate.swift; sourceTree = "<group>"; };
		D48D59A027DA298700A0993A /* Assets.xcassets */ = {isa = PBXFileReference; lastKnownFileType = folder.assetcatalog; path = Assets.xcassets; sourceTree = "<group>"; };
		D48D59A327DA298700A0993A /* Base */ = {isa = PBXFileReference; lastKnownFileType = file.storyboard; name = Base; path = Base.lproj/LaunchScreen.storyboard; sourceTree = "<group>"; };
		D48D59A527DA298700A0993A /* Info.plist */ = {isa = PBXFileReference; lastKnownFileType = text.plist.xml; path = Info.plist; sourceTree = "<group>"; };
		D4B36D8027DCBCD500C71343 /* QrScanViewController.swift */ = {isa = PBXFileReference; lastKnownFileType = sourcecode.swift; path = QrScanViewController.swift; sourceTree = "<group>"; };
		D4C8796927DDA4FC00A8365D /* MaskCALayer.swift */ = {isa = PBXFileReference; lastKnownFileType = sourcecode.swift; path = MaskCALayer.swift; sourceTree = "<group>"; };
/* End PBXFileReference section */

/* Begin PBXFrameworksBuildPhase section */
		D48D599127DA298600A0993A /* Frameworks */ = {
			isa = PBXFrameworksBuildPhase;
			buildActionMask = 2147483647;
			files = (
				D4C8796D27DDB07300A8365D /* RxCocoa in Frameworks */,
				D42A107B27DC9B4D007060B4 /* QRScanner in Frameworks */,
				D4C8797127DDB07300A8365D /* RxSwift in Frameworks */,
				D4C8796F27DDB07300A8365D /* RxRelay in Frameworks */,
				D4C8796427DCCA3500A8365D /* SnapKit in Frameworks */,
			);
			runOnlyForDeploymentPostprocessing = 0;
		};
/* End PBXFrameworksBuildPhase section */

/* Begin PBXGroup section */
		D48D598B27DA298600A0993A = {
			isa = PBXGroup;
			children = (
				D48D599627DA298600A0993A /* TIMELAB-Prototype */,
				D48D599527DA298600A0993A /* Products */,
			);
			sourceTree = "<group>";
		};
		D48D599527DA298600A0993A /* Products */ = {
			isa = PBXGroup;
			children = (
				D48D599427DA298600A0993A /* TIMELAB-Prototype.app */,
			);
			name = Products;
			sourceTree = "<group>";
		};
		D48D599627DA298600A0993A /* TIMELAB-Prototype */ = {
			isa = PBXGroup;
			children = (
				D48D599727DA298600A0993A /* AppDelegate.swift */,
				D48D599927DA298600A0993A /* SceneDelegate.swift */,
				D4B36D7C27DCBB5700C71343 /* Model */,
				D4B36D7D27DCBB6200C71343 /* View */,
				D4B36D7E27DCBB7400C71343 /* ViewModel */,
				D48D59A027DA298700A0993A /* Assets.xcassets */,
				D48D59A227DA298700A0993A /* LaunchScreen.storyboard */,
				D48D59A527DA298700A0993A /* Info.plist */,
			);
			path = "TIMELAB-Prototype";
			sourceTree = "<group>";
		};
		D4B36D7C27DCBB5700C71343 /* Model */ = {
			isa = PBXGroup;
			children = (
			);
			path = Model;
			sourceTree = "<group>";
		};
		D4B36D7D27DCBB6200C71343 /* View */ = {
			isa = PBXGroup;
			children = (
				D4B36D7F27DCBC9D00C71343 /* QrScanView */,
			);
			path = View;
			sourceTree = "<group>";
		};
		D4B36D7E27DCBB7400C71343 /* ViewModel */ = {
			isa = PBXGroup;
			children = (
			);
			path = ViewModel;
			sourceTree = "<group>";
		};
		D4B36D7F27DCBC9D00C71343 /* QrScanView */ = {
			isa = PBXGroup;
			children = (
				D4B36D8027DCBCD500C71343 /* QrScanViewController.swift */,
				D4C8796927DDA4FC00A8365D /* MaskCALayer.swift */,
			);
			path = QrScanView;
			sourceTree = "<group>";
		};
/* End PBXGroup section */

/* Begin PBXNativeTarget section */
		D48D599327DA298600A0993A /* TIMELAB-Prototype */ = {
			isa = PBXNativeTarget;
			buildConfigurationList = D48D59A827DA298700A0993A /* Build configuration list for PBXNativeTarget "TIMELAB-Prototype" */;
			buildPhases = (
				D48D599027DA298600A0993A /* Sources */,
				D48D599127DA298600A0993A /* Frameworks */,
				D48D599227DA298600A0993A /* Resources */,
			);
			buildRules = (
			);
			dependencies = (
			);
			name = "TIMELAB-Prototype";
			packageProductDependencies = (
				D42A107A27DC9B4D007060B4 /* QRScanner */,
				D4C8796327DCCA3500A8365D /* SnapKit */,
				D4C8796C27DDB07300A8365D /* RxCocoa */,
				D4C8796E27DDB07300A8365D /* RxRelay */,
				D4C8797027DDB07300A8365D /* RxSwift */,
			);
			productName = "TIMELAB-Prototype";
			productReference = D48D599427DA298600A0993A /* TIMELAB-Prototype.app */;
			productType = "com.apple.product-type.application";
		};
/* End PBXNativeTarget section */

/* Begin PBXProject section */
		D48D598C27DA298600A0993A /* Project object */ = {
			isa = PBXProject;
			attributes = {
				BuildIndependentTargetsInParallel = 1;
				LastSwiftUpdateCheck = 1300;
				LastUpgradeCheck = 1300;
				TargetAttributes = {
					D48D599327DA298600A0993A = {
						CreatedOnToolsVersion = 13.0;
					};
				};
			};
			buildConfigurationList = D48D598F27DA298600A0993A /* Build configuration list for PBXProject "TIMELAB-Prototype" */;
			compatibilityVersion = "Xcode 13.0";
			developmentRegion = en;
			hasScannedForEncodings = 0;
			knownRegions = (
				en,
				Base,
			);
			mainGroup = D48D598B27DA298600A0993A;
			packageReferences = (
				D42A107927DC9B4D007060B4 /* XCRemoteSwiftPackageReference "QRScanner" */,
				D4C8796227DCCA3500A8365D /* XCRemoteSwiftPackageReference "SnapKit" */,
				D4C8796B27DDB07300A8365D /* XCRemoteSwiftPackageReference "RxSwift" */,
			);
			productRefGroup = D48D599527DA298600A0993A /* Products */;
			projectDirPath = "";
			projectRoot = "";
			targets = (
				D48D599327DA298600A0993A /* TIMELAB-Prototype */,
			);
		};
/* End PBXProject section */

/* Begin PBXResourcesBuildPhase section */
		D48D599227DA298600A0993A /* Resources */ = {
			isa = PBXResourcesBuildPhase;
			buildActionMask = 2147483647;
			files = (
				D48D59AB27DB8B3F00A0993A /* Assets.xcassets in Resources */,
				D48D59A427DA298700A0993A /* LaunchScreen.storyboard in Resources */,
			);
			runOnlyForDeploymentPostprocessing = 0;
		};
/* End PBXResourcesBuildPhase section */

/* Begin PBXSourcesBuildPhase section */
		D48D599027DA298600A0993A /* Sources */ = {
			isa = PBXSourcesBuildPhase;
			buildActionMask = 2147483647;
			files = (
				D4B36D8127DCBCD500C71343 /* QrScanViewController.swift in Sources */,
				D4C8796A27DDA4FC00A8365D /* MaskCALayer.swift in Sources */,
				D48D599827DA298600A0993A /* AppDelegate.swift in Sources */,
				D48D599A27DA298600A0993A /* SceneDelegate.swift in Sources */,
			);
			runOnlyForDeploymentPostprocessing = 0;
		};
/* End PBXSourcesBuildPhase section */

/* Begin PBXVariantGroup section */
		D48D59A227DA298700A0993A /* LaunchScreen.storyboard */ = {
			isa = PBXVariantGroup;
			children = (
				D48D59A327DA298700A0993A /* Base */,
			);
			name = LaunchScreen.storyboard;
			sourceTree = "<group>";
		};
/* End PBXVariantGroup section */

/* Begin XCBuildConfiguration section */
		D48D59A627DA298700A0993A /* Debug */ = {
			isa = XCBuildConfiguration;
			buildSettings = {
				ALWAYS_SEARCH_USER_PATHS = NO;
				CLANG_ANALYZER_NONNULL = YES;
				CLANG_ANALYZER_NUMBER_OBJECT_CONVERSION = YES_AGGRESSIVE;
				CLANG_CXX_LANGUAGE_STANDARD = "gnu++17";
				CLANG_CXX_LIBRARY = "libc++";
				CLANG_ENABLE_MODULES = YES;
				CLANG_ENABLE_OBJC_ARC = YES;
				CLANG_ENABLE_OBJC_WEAK = YES;
				CLANG_WARN_BLOCK_CAPTURE_AUTORELEASING = YES;
				CLANG_WARN_BOOL_CONVERSION = YES;
				CLANG_WARN_COMMA = YES;
				CLANG_WARN_CONSTANT_CONVERSION = YES;
				CLANG_WARN_DEPRECATED_OBJC_IMPLEMENTATIONS = YES;
				CLANG_WARN_DIRECT_OBJC_ISA_USAGE = YES_ERROR;
				CLANG_WARN_DOCUMENTATION_COMMENTS = YES;
				CLANG_WARN_EMPTY_BODY = YES;
				CLANG_WARN_ENUM_CONVERSION = YES;
				CLANG_WARN_INFINITE_RECURSION = YES;
				CLANG_WARN_INT_CONVERSION = YES;
				CLANG_WARN_NON_LITERAL_NULL_CONVERSION = YES;
				CLANG_WARN_OBJC_IMPLICIT_RETAIN_SELF = YES;
				CLANG_WARN_OBJC_LITERAL_CONVERSION = YES;
				CLANG_WARN_OBJC_ROOT_CLASS = YES_ERROR;
				CLANG_WARN_QUOTED_INCLUDE_IN_FRAMEWORK_HEADER = YES;
				CLANG_WARN_RANGE_LOOP_ANALYSIS = YES;
				CLANG_WARN_STRICT_PROTOTYPES = YES;
				CLANG_WARN_SUSPICIOUS_MOVE = YES;
				CLANG_WARN_UNGUARDED_AVAILABILITY = YES_AGGRESSIVE;
				CLANG_WARN_UNREACHABLE_CODE = YES;
				CLANG_WARN__DUPLICATE_METHOD_MATCH = YES;
				COPY_PHASE_STRIP = NO;
				DEBUG_INFORMATION_FORMAT = dwarf;
				ENABLE_STRICT_OBJC_MSGSEND = YES;
				ENABLE_TESTABILITY = YES;
				GCC_C_LANGUAGE_STANDARD = gnu11;
				GCC_DYNAMIC_NO_PIC = NO;
				GCC_NO_COMMON_BLOCKS = YES;
				GCC_OPTIMIZATION_LEVEL = 0;
				GCC_PREPROCESSOR_DEFINITIONS = (
					"DEBUG=1",
					"$(inherited)",
				);
				GCC_WARN_64_TO_32_BIT_CONVERSION = YES;
				GCC_WARN_ABOUT_RETURN_TYPE = YES_ERROR;
				GCC_WARN_UNDECLARED_SELECTOR = YES;
				GCC_WARN_UNINITIALIZED_AUTOS = YES_AGGRESSIVE;
				GCC_WARN_UNUSED_FUNCTION = YES;
				GCC_WARN_UNUSED_VARIABLE = YES;
				IPHONEOS_DEPLOYMENT_TARGET = 15.0;
				MTL_ENABLE_DEBUG_INFO = INCLUDE_SOURCE;
				MTL_FAST_MATH = YES;
				ONLY_ACTIVE_ARCH = YES;
				SDKROOT = iphoneos;
				SWIFT_ACTIVE_COMPILATION_CONDITIONS = DEBUG;
				SWIFT_OPTIMIZATION_LEVEL = "-Onone";
			};
			name = Debug;
		};
		D48D59A727DA298700A0993A /* Release */ = {
			isa = XCBuildConfiguration;
			buildSettings = {
				ALWAYS_SEARCH_USER_PATHS = NO;
				CLANG_ANALYZER_NONNULL = YES;
				CLANG_ANALYZER_NUMBER_OBJECT_CONVERSION = YES_AGGRESSIVE;
				CLANG_CXX_LANGUAGE_STANDARD = "gnu++17";
				CLANG_CXX_LIBRARY = "libc++";
				CLANG_ENABLE_MODULES = YES;
				CLANG_ENABLE_OBJC_ARC = YES;
				CLANG_ENABLE_OBJC_WEAK = YES;
				CLANG_WARN_BLOCK_CAPTURE_AUTORELEASING = YES;
				CLANG_WARN_BOOL_CONVERSION = YES;
				CLANG_WARN_COMMA = YES;
				CLANG_WARN_CONSTANT_CONVERSION = YES;
				CLANG_WARN_DEPRECATED_OBJC_IMPLEMENTATIONS = YES;
				CLANG_WARN_DIRECT_OBJC_ISA_USAGE = YES_ERROR;
				CLANG_WARN_DOCUMENTATION_COMMENTS = YES;
				CLANG_WARN_EMPTY_BODY = YES;
				CLANG_WARN_ENUM_CONVERSION = YES;
				CLANG_WARN_INFINITE_RECURSION = YES;
				CLANG_WARN_INT_CONVERSION = YES;
				CLANG_WARN_NON_LITERAL_NULL_CONVERSION = YES;
				CLANG_WARN_OBJC_IMPLICIT_RETAIN_SELF = YES;
				CLANG_WARN_OBJC_LITERAL_CONVERSION = YES;
				CLANG_WARN_OBJC_ROOT_CLASS = YES_ERROR;
				CLANG_WARN_QUOTED_INCLUDE_IN_FRAMEWORK_HEADER = YES;
				CLANG_WARN_RANGE_LOOP_ANALYSIS = YES;
				CLANG_WARN_STRICT_PROTOTYPES = YES;
				CLANG_WARN_SUSPICIOUS_MOVE = YES;
				CLANG_WARN_UNGUARDED_AVAILABILITY = YES_AGGRESSIVE;
				CLANG_WARN_UNREACHABLE_CODE = YES;
				CLANG_WARN__DUPLICATE_METHOD_MATCH = YES;
				COPY_PHASE_STRIP = NO;
				DEBUG_INFORMATION_FORMAT = "dwarf-with-dsym";
				ENABLE_NS_ASSERTIONS = NO;
				ENABLE_STRICT_OBJC_MSGSEND = YES;
				GCC_C_LANGUAGE_STANDARD = gnu11;
				GCC_NO_COMMON_BLOCKS = YES;
				GCC_WARN_64_TO_32_BIT_CONVERSION = YES;
				GCC_WARN_ABOUT_RETURN_TYPE = YES_ERROR;
				GCC_WARN_UNDECLARED_SELECTOR = YES;
				GCC_WARN_UNINITIALIZED_AUTOS = YES_AGGRESSIVE;
				GCC_WARN_UNUSED_FUNCTION = YES;
				GCC_WARN_UNUSED_VARIABLE = YES;
				IPHONEOS_DEPLOYMENT_TARGET = 15.0;
				MTL_ENABLE_DEBUG_INFO = NO;
				MTL_FAST_MATH = YES;
				SDKROOT = iphoneos;
				SWIFT_COMPILATION_MODE = wholemodule;
				SWIFT_OPTIMIZATION_LEVEL = "-O";
				VALIDATE_PRODUCT = YES;
			};
			name = Release;
		};
		D48D59A927DA298700A0993A /* Debug */ = {
			isa = XCBuildConfiguration;
			buildSettings = {
				ASSETCATALOG_COMPILER_APPICON_NAME = AppIcon;
				ASSETCATALOG_COMPILER_GLOBAL_ACCENT_COLOR_NAME = AccentColor;
				CODE_SIGN_STYLE = Automatic;
				CURRENT_PROJECT_VERSION = 1;
				DEVELOPMENT_TEAM = BR3T8YBB5L;
				GENERATE_INFOPLIST_FILE = YES;
				INFOPLIST_FILE = "TIMELAB-Prototype/Info.plist";
				INFOPLIST_KEY_NSCameraUsageDescription = "TIMELAB はカメラ機能の使用を求めています。許可しますか？";
				INFOPLIST_KEY_UIApplicationSupportsIndirectInputEvents = YES;
				INFOPLIST_KEY_UILaunchStoryboardName = LaunchScreen;
				INFOPLIST_KEY_UISupportedInterfaceOrientations_iPad = "UIInterfaceOrientationPortrait UIInterfaceOrientationPortraitUpsideDown UIInterfaceOrientationLandscapeLeft UIInterfaceOrientationLandscapeRight";
				INFOPLIST_KEY_UISupportedInterfaceOrientations_iPhone = "UIInterfaceOrientationPortrait UIInterfaceOrientationLandscapeLeft UIInterfaceOrientationLandscapeRight";
				LD_RUNPATH_SEARCH_PATHS = (
					"$(inherited)",
					"@executable_path/Frameworks",
				);
				MARKETING_VERSION = 1.0;
				PRODUCT_BUNDLE_IDENTIFIER = "com.gmail.yuukirinnma.TIMELAB-Prototype";
				PRODUCT_NAME = "$(TARGET_NAME)";
				SWIFT_EMIT_LOC_STRINGS = YES;
				SWIFT_VERSION = 5.0;
				TARGETED_DEVICE_FAMILY = "1,2";
			};
			name = Debug;
		};
		D48D59AA27DA298700A0993A /* Release */ = {
			isa = XCBuildConfiguration;
			buildSettings = {
				ASSETCATALOG_COMPILER_APPICON_NAME = AppIcon;
				ASSETCATALOG_COMPILER_GLOBAL_ACCENT_COLOR_NAME = AccentColor;
				CODE_SIGN_STYLE = Automatic;
				CURRENT_PROJECT_VERSION = 1;
				DEVELOPMENT_TEAM = BR3T8YBB5L;
				GENERATE_INFOPLIST_FILE = YES;
				INFOPLIST_FILE = "TIMELAB-Prototype/Info.plist";
				INFOPLIST_KEY_NSCameraUsageDescription = "TIMELAB はカメラ機能の使用を求めています。許可しますか？";
				INFOPLIST_KEY_UIApplicationSupportsIndirectInputEvents = YES;
				INFOPLIST_KEY_UILaunchStoryboardName = LaunchScreen;
				INFOPLIST_KEY_UISupportedInterfaceOrientations_iPad = "UIInterfaceOrientationPortrait UIInterfaceOrientationPortraitUpsideDown UIInterfaceOrientationLandscapeLeft UIInterfaceOrientationLandscapeRight";
				INFOPLIST_KEY_UISupportedInterfaceOrientations_iPhone = "UIInterfaceOrientationPortrait UIInterfaceOrientationLandscapeLeft UIInterfaceOrientationLandscapeRight";
				LD_RUNPATH_SEARCH_PATHS = (
					"$(inherited)",
					"@executable_path/Frameworks",
				);
				MARKETING_VERSION = 1.0;
				PRODUCT_BUNDLE_IDENTIFIER = "com.gmail.yuukirinnma.TIMELAB-Prototype";
				PRODUCT_NAME = "$(TARGET_NAME)";
				SWIFT_EMIT_LOC_STRINGS = YES;
				SWIFT_VERSION = 5.0;
				TARGETED_DEVICE_FAMILY = "1,2";
			};
			name = Release;
		};
/* End XCBuildConfiguration section */

/* Begin XCConfigurationList section */
		D48D598F27DA298600A0993A /* Build configuration list for PBXProject "TIMELAB-Prototype" */ = {
			isa = XCConfigurationList;
			buildConfigurations = (
				D48D59A627DA298700A0993A /* Debug */,
				D48D59A727DA298700A0993A /* Release */,
			);
			defaultConfigurationIsVisible = 0;
			defaultConfigurationName = Release;
		};
		D48D59A827DA298700A0993A /* Build configuration list for PBXNativeTarget "TIMELAB-Prototype" */ = {
			isa = XCConfigurationList;
			buildConfigurations = (
				D48D59A927DA298700A0993A /* Debug */,
				D48D59AA27DA298700A0993A /* Release */,
			);
			defaultConfigurationIsVisible = 0;
			defaultConfigurationName = Release;
		};
/* End XCConfigurationList section */

/* Begin XCRemoteSwiftPackageReference section */
		D42A107927DC9B4D007060B4 /* XCRemoteSwiftPackageReference "QRScanner" */ = {
			isa = XCRemoteSwiftPackageReference;
			repositoryURL = "https://github.com/mercari/QRScanner";
			requirement = {
				kind = upToNextMajorVersion;
				minimumVersion = 1.0.0;
			};
		};
		D4C8796227DCCA3500A8365D /* XCRemoteSwiftPackageReference "SnapKit" */ = {
			isa = XCRemoteSwiftPackageReference;
			repositoryURL = "https://github.com/SnapKit/SnapKit";
			requirement = {
				branch = develop;
				kind = branch;
			};
		};
		D4C8796B27DDB07300A8365D /* XCRemoteSwiftPackageReference "RxSwift" */ = {
			isa = XCRemoteSwiftPackageReference;
			repositoryURL = "https://github.com/ReactiveX/RxSwift";
			requirement = {
				kind = upToNextMajorVersion;
				minimumVersion = 6.0.0;
			};
		};
/* End XCRemoteSwiftPackageReference section */

/* Begin XCSwiftPackageProductDependency section */
		D42A107A27DC9B4D007060B4 /* QRScanner */ = {
			isa = XCSwiftPackageProductDependency;
			package = D42A107927DC9B4D007060B4 /* XCRemoteSwiftPackageReference "QRScanner" */;
			productName = QRScanner;
		};
		D4C8796327DCCA3500A8365D /* SnapKit */ = {
			isa = XCSwiftPackageProductDependency;
			package = D4C8796227DCCA3500A8365D /* XCRemoteSwiftPackageReference "SnapKit" */;
			productName = SnapKit;
		};
		D4C8796C27DDB07300A8365D /* RxCocoa */ = {
			isa = XCSwiftPackageProductDependency;
			package = D4C8796B27DDB07300A8365D /* XCRemoteSwiftPackageReference "RxSwift" */;
			productName = RxCocoa;
		};
		D4C8796E27DDB07300A8365D /* RxRelay */ = {
			isa = XCSwiftPackageProductDependency;
			package = D4C8796B27DDB07300A8365D /* XCRemoteSwiftPackageReference "RxSwift" */;
			productName = RxRelay;
		};
		D4C8797027DDB07300A8365D /* RxSwift */ = {
			isa = XCSwiftPackageProductDependency;
			package = D4C8796B27DDB07300A8365D /* XCRemoteSwiftPackageReference "RxSwift" */;
			productName = RxSwift;
		};
/* End XCSwiftPackageProductDependency section */
	};
	rootObject = D48D598C27DA298600A0993A /* Project object */;
}
