// !$*UTF8*$!
{
	archiveVersion = 1;
	classes = {
	};
	objectVersion = 55;
	objects = {

/* Begin PBXBuildFile section */
		D427F64427FD41D000E7F4E9 /* QRScanner in Frameworks */ = {isa = PBXBuildFile; productRef = D427F64327FD41D000E7F4E9 /* QRScanner */; };
		D427F64727FD41FB00E7F4E9 /* SnapKit in Frameworks */ = {isa = PBXBuildFile; productRef = D427F64627FD41FB00E7F4E9 /* SnapKit */; };
		D427F65527FD42CB00E7F4E9 /* PKHUD in Frameworks */ = {isa = PBXBuildFile; productRef = D427F65427FD42CB00E7F4E9 /* PKHUD */; };
		D427F65827FD43DC00E7F4E9 /* FirebaseAnalytics in Frameworks */ = {isa = PBXBuildFile; productRef = D427F65727FD43DC00E7F4E9 /* FirebaseAnalytics */; };
		D427F65A27FD43DC00E7F4E9 /* FirebaseAppCheck in Frameworks */ = {isa = PBXBuildFile; productRef = D427F65927FD43DC00E7F4E9 /* FirebaseAppCheck */; };
		D427F65C27FD43DC00E7F4E9 /* FirebaseAuth in Frameworks */ = {isa = PBXBuildFile; productRef = D427F65B27FD43DC00E7F4E9 /* FirebaseAuth */; };
		D427F65E27FD43DC00E7F4E9 /* FirebaseDatabase in Frameworks */ = {isa = PBXBuildFile; productRef = D427F65D27FD43DC00E7F4E9 /* FirebaseDatabase */; };
		D427F66027FD43DC00E7F4E9 /* FirebaseFirestore in Frameworks */ = {isa = PBXBuildFile; productRef = D427F65F27FD43DC00E7F4E9 /* FirebaseFirestore */; };
		D427F66227FD43DC00E7F4E9 /* FirebaseFunctions in Frameworks */ = {isa = PBXBuildFile; productRef = D427F66127FD43DC00E7F4E9 /* FirebaseFunctions */; };
		D427F66427FD43DC00E7F4E9 /* FirebaseMessaging in Frameworks */ = {isa = PBXBuildFile; productRef = D427F66327FD43DC00E7F4E9 /* FirebaseMessaging */; };
		D427F66627FD43DC00E7F4E9 /* FirebaseStorage in Frameworks */ = {isa = PBXBuildFile; productRef = D427F66527FD43DC00E7F4E9 /* FirebaseStorage */; };
		D427F66927FD44CC00E7F4E9 /* Alamofire in Frameworks */ = {isa = PBXBuildFile; productRef = D427F66827FD44CC00E7F4E9 /* Alamofire */; };
		D427F66C27FD453D00E7F4E9 /* SwiftyJSON in Frameworks */ = {isa = PBXBuildFile; productRef = D427F66B27FD453D00E7F4E9 /* SwiftyJSON */; };
		D427F66F27FD46AF00E7F4E9 /* RxCocoa in Frameworks */ = {isa = PBXBuildFile; productRef = D427F66E27FD46AF00E7F4E9 /* RxCocoa */; };
		D427F67127FD46AF00E7F4E9 /* RxRelay in Frameworks */ = {isa = PBXBuildFile; productRef = D427F67027FD46AF00E7F4E9 /* RxRelay */; };
		D427F67327FD46AF00E7F4E9 /* RxSwift in Frameworks */ = {isa = PBXBuildFile; productRef = D427F67227FD46AF00E7F4E9 /* RxSwift */; };
		D427F67627FD78CA00E7F4E9 /* QrCodeScannerViewController.swift in Sources */ = {isa = PBXBuildFile; fileRef = D427F67527FD78CA00E7F4E9 /* QrCodeScannerViewController.swift */; };
		D427F67827FD7FD600E7F4E9 /* MaskCaLayer.swift in Sources */ = {isa = PBXBuildFile; fileRef = D427F67727FD7FD600E7F4E9 /* MaskCaLayer.swift */; };
		D427F67C27FD899200E7F4E9 /* UIColorExtension.swift in Sources */ = {isa = PBXBuildFile; fileRef = D427F67B27FD899200E7F4E9 /* UIColorExtension.swift */; };
		D427F68227FD8A6600E7F4E9 /* Color.swift in Sources */ = {isa = PBXBuildFile; fileRef = D427F68127FD8A6600E7F4E9 /* Color.swift */; };
		D427F68427FD956000E7F4E9 /* QrCodeScannerLabel.swift in Sources */ = {isa = PBXBuildFile; fileRef = D427F68327FD956000E7F4E9 /* QrCodeScannerLabel.swift */; };
		D427F68627FD96DA00E7F4E9 /* QrCodeScannerButton.swift in Sources */ = {isa = PBXBuildFile; fileRef = D427F68527FD96DA00E7F4E9 /* QrCodeScannerButton.swift */; };
		D427F68827FD994700E7F4E9 /* QrCodeScannerUiImageView.swift in Sources */ = {isa = PBXBuildFile; fileRef = D427F68727FD994700E7F4E9 /* QrCodeScannerUiImageView.swift */; };
		D427F68A27FDB50B00E7F4E9 /* UIImageExtension.swift in Sources */ = {isa = PBXBuildFile; fileRef = D427F68927FDB50B00E7F4E9 /* UIImageExtension.swift */; };
		D427F68F27FF178300E7F4E9 /* RegisterUserViewController.swift in Sources */ = {isa = PBXBuildFile; fileRef = D427F68E27FF178300E7F4E9 /* RegisterUserViewController.swift */; };
		D427F69127FF17FD00E7F4E9 /* RegisterLabel.swift in Sources */ = {isa = PBXBuildFile; fileRef = D427F69027FF17FC00E7F4E9 /* RegisterLabel.swift */; };
		D427F69327FF181900E7F4E9 /* RegisterButton.swift in Sources */ = {isa = PBXBuildFile; fileRef = D427F69227FF181900E7F4E9 /* RegisterButton.swift */; };
		D427F69527FF183100E7F4E9 /* RegisterTextField.swift in Sources */ = {isa = PBXBuildFile; fileRef = D427F69427FF183100E7F4E9 /* RegisterTextField.swift */; };
		D427F69927FF243200E7F4E9 /* RegisterSecretButton.swift in Sources */ = {isa = PBXBuildFile; fileRef = D427F69827FF243200E7F4E9 /* RegisterSecretButton.swift */; };
		D427F69B27FFE54700E7F4E9 /* WelcomeViewController.swift in Sources */ = {isa = PBXBuildFile; fileRef = D427F69A27FFE54700E7F4E9 /* WelcomeViewController.swift */; };
		D427F69D27FFE60700E7F4E9 /* RegisterUIImageView.swift in Sources */ = {isa = PBXBuildFile; fileRef = D427F69C27FFE60700E7F4E9 /* RegisterUIImageView.swift */; };
		D427F69F27FFEE3D00E7F4E9 /* RegisterNickNameViewController.swift in Sources */ = {isa = PBXBuildFile; fileRef = D427F69E27FFEE3D00E7F4E9 /* RegisterNickNameViewController.swift */; };
		D427F6A127FFFCE500E7F4E9 /* RegisterUserIconViewController.swift in Sources */ = {isa = PBXBuildFile; fileRef = D427F6A027FFFCE500E7F4E9 /* RegisterUserIconViewController.swift */; };
		D427F6A327FFFD1400E7F4E9 /* RegisterUserIconButton.swift in Sources */ = {isa = PBXBuildFile; fileRef = D427F6A227FFFD1400E7F4E9 /* RegisterUserIconButton.swift */; };
		D427F6A52800236C00E7F4E9 /* ConfirmUserViewController.swift in Sources */ = {isa = PBXBuildFile; fileRef = D427F6A42800236C00E7F4E9 /* ConfirmUserViewController.swift */; };
		D427F6CE2801351700E7F4E9 /* IQKeyboardManagerSwift in Frameworks */ = {isa = PBXBuildFile; productRef = D427F6CD2801351700E7F4E9 /* IQKeyboardManagerSwift */; };
		D427F6D128031E6E00E7F4E9 /* LogInViewController.swift in Sources */ = {isa = PBXBuildFile; fileRef = D427F6D028031E6E00E7F4E9 /* LogInViewController.swift */; };
		D427F6D328031EA600E7F4E9 /* LogInButton.swift in Sources */ = {isa = PBXBuildFile; fileRef = D427F6D228031EA600E7F4E9 /* LogInButton.swift */; };
		D427F6D528031EB300E7F4E9 /* LogInTextField.swift in Sources */ = {isa = PBXBuildFile; fileRef = D427F6D428031EB300E7F4E9 /* LogInTextField.swift */; };
		D427F6D728031EBD00E7F4E9 /* LogInLabel.swift in Sources */ = {isa = PBXBuildFile; fileRef = D427F6D628031EBD00E7F4E9 /* LogInLabel.swift */; };
		D427F6D928031F5100E7F4E9 /* LogInSecretButton.swift in Sources */ = {isa = PBXBuildFile; fileRef = D427F6D828031F5100E7F4E9 /* LogInSecretButton.swift */; };
		D427F6DB280320D700E7F4E9 /* LogInUIImageView.swift in Sources */ = {isa = PBXBuildFile; fileRef = D427F6DA280320D700E7F4E9 /* LogInUIImageView.swift */; };
		D427F6DD28032C9200E7F4E9 /* UILabelExtension.swift in Sources */ = {isa = PBXBuildFile; fileRef = D427F6DC28032C9200E7F4E9 /* UILabelExtension.swift */; };
		D427F6E028040D4000E7F4E9 /* ChooseRegisterOrLogInViewController.swift in Sources */ = {isa = PBXBuildFile; fileRef = D427F6DF28040D4000E7F4E9 /* ChooseRegisterOrLogInViewController.swift */; };
		D427F6E228040DB500E7F4E9 /* ChooseRegisterOrLogInButton.swift in Sources */ = {isa = PBXBuildFile; fileRef = D427F6E128040DB500E7F4E9 /* ChooseRegisterOrLogInButton.swift */; };
		D427F6E428040DD600E7F4E9 /* ChooseRegisterOrLogInUIImageView.swift in Sources */ = {isa = PBXBuildFile; fileRef = D427F6E328040DD600E7F4E9 /* ChooseRegisterOrLogInUIImageView.swift */; };
		D476DFBA27FD398500A1EDE3 /* AppDelegate.swift in Sources */ = {isa = PBXBuildFile; fileRef = D476DFB927FD398500A1EDE3 /* AppDelegate.swift */; };
		D476DFBC27FD398500A1EDE3 /* SceneDelegate.swift in Sources */ = {isa = PBXBuildFile; fileRef = D476DFBB27FD398500A1EDE3 /* SceneDelegate.swift */; };
		D476DFBE27FD398500A1EDE3 /* ViewController.swift in Sources */ = {isa = PBXBuildFile; fileRef = D476DFBD27FD398500A1EDE3 /* ViewController.swift */; };
		D476DFC327FD398700A1EDE3 /* Assets.xcassets in Resources */ = {isa = PBXBuildFile; fileRef = D476DFC227FD398700A1EDE3 /* Assets.xcassets */; };
		D476DFC627FD398700A1EDE3 /* LaunchScreen.storyboard in Resources */ = {isa = PBXBuildFile; fileRef = D476DFC427FD398700A1EDE3 /* LaunchScreen.storyboard */; };
		D477CB0B280C529E00B7A07B /* CalendarViewController.swift in Sources */ = {isa = PBXBuildFile; fileRef = D477CB0A280C529E00B7A07B /* CalendarViewController.swift */; };
		D477CB0D280C52B100B7A07B /* CalendarView.swift in Sources */ = {isa = PBXBuildFile; fileRef = D477CB0C280C52B100B7A07B /* CalendarView.swift */; };
		D477CB10280C536C00B7A07B /* FSCalendar in Frameworks */ = {isa = PBXBuildFile; productRef = D477CB0F280C536C00B7A07B /* FSCalendar */; };
/* End PBXBuildFile section */

/* Begin PBXFileReference section */
		D427F67527FD78CA00E7F4E9 /* QrCodeScannerViewController.swift */ = {isa = PBXFileReference; lastKnownFileType = sourcecode.swift; path = QrCodeScannerViewController.swift; sourceTree = "<group>"; };
		D427F67727FD7FD600E7F4E9 /* MaskCaLayer.swift */ = {isa = PBXFileReference; lastKnownFileType = sourcecode.swift; path = MaskCaLayer.swift; sourceTree = "<group>"; };
		D427F67B27FD899200E7F4E9 /* UIColorExtension.swift */ = {isa = PBXFileReference; lastKnownFileType = sourcecode.swift; path = UIColorExtension.swift; sourceTree = "<group>"; };
		D427F68127FD8A6600E7F4E9 /* Color.swift */ = {isa = PBXFileReference; lastKnownFileType = sourcecode.swift; path = Color.swift; sourceTree = "<group>"; };
		D427F68327FD956000E7F4E9 /* QrCodeScannerLabel.swift */ = {isa = PBXFileReference; lastKnownFileType = sourcecode.swift; path = QrCodeScannerLabel.swift; sourceTree = "<group>"; };
		D427F68527FD96DA00E7F4E9 /* QrCodeScannerButton.swift */ = {isa = PBXFileReference; lastKnownFileType = sourcecode.swift; path = QrCodeScannerButton.swift; sourceTree = "<group>"; };
		D427F68727FD994700E7F4E9 /* QrCodeScannerUiImageView.swift */ = {isa = PBXFileReference; lastKnownFileType = sourcecode.swift; path = QrCodeScannerUiImageView.swift; sourceTree = "<group>"; };
		D427F68927FDB50B00E7F4E9 /* UIImageExtension.swift */ = {isa = PBXFileReference; lastKnownFileType = sourcecode.swift; path = UIImageExtension.swift; sourceTree = "<group>"; };
		D427F68E27FF178300E7F4E9 /* RegisterUserViewController.swift */ = {isa = PBXFileReference; lastKnownFileType = sourcecode.swift; path = RegisterUserViewController.swift; sourceTree = "<group>"; };
		D427F69027FF17FC00E7F4E9 /* RegisterLabel.swift */ = {isa = PBXFileReference; lastKnownFileType = sourcecode.swift; path = RegisterLabel.swift; sourceTree = "<group>"; };
		D427F69227FF181900E7F4E9 /* RegisterButton.swift */ = {isa = PBXFileReference; lastKnownFileType = sourcecode.swift; path = RegisterButton.swift; sourceTree = "<group>"; };
		D427F69427FF183100E7F4E9 /* RegisterTextField.swift */ = {isa = PBXFileReference; lastKnownFileType = sourcecode.swift; path = RegisterTextField.swift; sourceTree = "<group>"; };
		D427F69827FF243200E7F4E9 /* RegisterSecretButton.swift */ = {isa = PBXFileReference; lastKnownFileType = sourcecode.swift; path = RegisterSecretButton.swift; sourceTree = "<group>"; };
		D427F69A27FFE54700E7F4E9 /* WelcomeViewController.swift */ = {isa = PBXFileReference; lastKnownFileType = sourcecode.swift; path = WelcomeViewController.swift; sourceTree = "<group>"; };
		D427F69C27FFE60700E7F4E9 /* RegisterUIImageView.swift */ = {isa = PBXFileReference; lastKnownFileType = sourcecode.swift; path = RegisterUIImageView.swift; sourceTree = "<group>"; };
		D427F69E27FFEE3D00E7F4E9 /* RegisterNickNameViewController.swift */ = {isa = PBXFileReference; lastKnownFileType = sourcecode.swift; path = RegisterNickNameViewController.swift; sourceTree = "<group>"; };
		D427F6A027FFFCE500E7F4E9 /* RegisterUserIconViewController.swift */ = {isa = PBXFileReference; lastKnownFileType = sourcecode.swift; path = RegisterUserIconViewController.swift; sourceTree = "<group>"; };
		D427F6A227FFFD1400E7F4E9 /* RegisterUserIconButton.swift */ = {isa = PBXFileReference; lastKnownFileType = sourcecode.swift; path = RegisterUserIconButton.swift; sourceTree = "<group>"; };
		D427F6A42800236C00E7F4E9 /* ConfirmUserViewController.swift */ = {isa = PBXFileReference; lastKnownFileType = sourcecode.swift; path = ConfirmUserViewController.swift; sourceTree = "<group>"; };
		D427F6D028031E6E00E7F4E9 /* LogInViewController.swift */ = {isa = PBXFileReference; lastKnownFileType = sourcecode.swift; path = LogInViewController.swift; sourceTree = "<group>"; };
		D427F6D228031EA600E7F4E9 /* LogInButton.swift */ = {isa = PBXFileReference; lastKnownFileType = sourcecode.swift; path = LogInButton.swift; sourceTree = "<group>"; };
		D427F6D428031EB300E7F4E9 /* LogInTextField.swift */ = {isa = PBXFileReference; lastKnownFileType = sourcecode.swift; path = LogInTextField.swift; sourceTree = "<group>"; };
		D427F6D628031EBD00E7F4E9 /* LogInLabel.swift */ = {isa = PBXFileReference; lastKnownFileType = sourcecode.swift; path = LogInLabel.swift; sourceTree = "<group>"; };
		D427F6D828031F5100E7F4E9 /* LogInSecretButton.swift */ = {isa = PBXFileReference; lastKnownFileType = sourcecode.swift; path = LogInSecretButton.swift; sourceTree = "<group>"; };
		D427F6DA280320D700E7F4E9 /* LogInUIImageView.swift */ = {isa = PBXFileReference; lastKnownFileType = sourcecode.swift; path = LogInUIImageView.swift; sourceTree = "<group>"; };
		D427F6DC28032C9200E7F4E9 /* UILabelExtension.swift */ = {isa = PBXFileReference; lastKnownFileType = sourcecode.swift; path = UILabelExtension.swift; sourceTree = "<group>"; };
		D427F6DF28040D4000E7F4E9 /* ChooseRegisterOrLogInViewController.swift */ = {isa = PBXFileReference; lastKnownFileType = sourcecode.swift; path = ChooseRegisterOrLogInViewController.swift; sourceTree = "<group>"; };
		D427F6E128040DB500E7F4E9 /* ChooseRegisterOrLogInButton.swift */ = {isa = PBXFileReference; lastKnownFileType = sourcecode.swift; path = ChooseRegisterOrLogInButton.swift; sourceTree = "<group>"; };
		D427F6E328040DD600E7F4E9 /* ChooseRegisterOrLogInUIImageView.swift */ = {isa = PBXFileReference; lastKnownFileType = sourcecode.swift; path = ChooseRegisterOrLogInUIImageView.swift; sourceTree = "<group>"; };
		D476DFB627FD398500A1EDE3 /* TIMELAB.app */ = {isa = PBXFileReference; explicitFileType = wrapper.application; includeInIndex = 0; path = TIMELAB.app; sourceTree = BUILT_PRODUCTS_DIR; };
		D476DFB927FD398500A1EDE3 /* AppDelegate.swift */ = {isa = PBXFileReference; lastKnownFileType = sourcecode.swift; path = AppDelegate.swift; sourceTree = "<group>"; };
		D476DFBB27FD398500A1EDE3 /* SceneDelegate.swift */ = {isa = PBXFileReference; lastKnownFileType = sourcecode.swift; path = SceneDelegate.swift; sourceTree = "<group>"; };
		D476DFBD27FD398500A1EDE3 /* ViewController.swift */ = {isa = PBXFileReference; lastKnownFileType = sourcecode.swift; path = ViewController.swift; sourceTree = "<group>"; };
		D476DFC227FD398700A1EDE3 /* Assets.xcassets */ = {isa = PBXFileReference; lastKnownFileType = folder.assetcatalog; path = Assets.xcassets; sourceTree = "<group>"; };
		D476DFC527FD398700A1EDE3 /* Base */ = {isa = PBXFileReference; lastKnownFileType = file.storyboard; name = Base; path = Base.lproj/LaunchScreen.storyboard; sourceTree = "<group>"; };
		D476DFC727FD398700A1EDE3 /* Info.plist */ = {isa = PBXFileReference; lastKnownFileType = text.plist.xml; path = Info.plist; sourceTree = "<group>"; };
		D477CB0A280C529E00B7A07B /* CalendarViewController.swift */ = {isa = PBXFileReference; lastKnownFileType = sourcecode.swift; path = CalendarViewController.swift; sourceTree = "<group>"; };
		D477CB0C280C52B100B7A07B /* CalendarView.swift */ = {isa = PBXFileReference; lastKnownFileType = sourcecode.swift; path = CalendarView.swift; sourceTree = "<group>"; };
/* End PBXFileReference section */

/* Begin PBXFrameworksBuildPhase section */
		D476DFB327FD398500A1EDE3 /* Frameworks */ = {
			isa = PBXFrameworksBuildPhase;
			buildActionMask = 2147483647;
			files = (
				D427F67127FD46AF00E7F4E9 /* RxRelay in Frameworks */,
				D427F66C27FD453D00E7F4E9 /* SwiftyJSON in Frameworks */,
				D427F66227FD43DC00E7F4E9 /* FirebaseFunctions in Frameworks */,
				D427F66027FD43DC00E7F4E9 /* FirebaseFirestore in Frameworks */,
				D427F6CE2801351700E7F4E9 /* IQKeyboardManagerSwift in Frameworks */,
				D427F65527FD42CB00E7F4E9 /* PKHUD in Frameworks */,
				D427F66627FD43DC00E7F4E9 /* FirebaseStorage in Frameworks */,
				D427F64427FD41D000E7F4E9 /* QRScanner in Frameworks */,
				D427F65E27FD43DC00E7F4E9 /* FirebaseDatabase in Frameworks */,
				D427F65C27FD43DC00E7F4E9 /* FirebaseAuth in Frameworks */,
				D427F66927FD44CC00E7F4E9 /* Alamofire in Frameworks */,
				D427F64727FD41FB00E7F4E9 /* SnapKit in Frameworks */,
				D427F66F27FD46AF00E7F4E9 /* RxCocoa in Frameworks */,
				D477CB10280C536C00B7A07B /* FSCalendar in Frameworks */,
				D427F66427FD43DC00E7F4E9 /* FirebaseMessaging in Frameworks */,
				D427F65A27FD43DC00E7F4E9 /* FirebaseAppCheck in Frameworks */,
				D427F67327FD46AF00E7F4E9 /* RxSwift in Frameworks */,
				D427F65827FD43DC00E7F4E9 /* FirebaseAnalytics in Frameworks */,
			);
			runOnlyForDeploymentPostprocessing = 0;
		};
/* End PBXFrameworksBuildPhase section */

/* Begin PBXGroup section */
		D427F67427FD78A300E7F4E9 /* QrCodeScannerView */ = {
			isa = PBXGroup;
			children = (
				D427F67527FD78CA00E7F4E9 /* QrCodeScannerViewController.swift */,
				D427F67727FD7FD600E7F4E9 /* MaskCaLayer.swift */,
				D427F68327FD956000E7F4E9 /* QrCodeScannerLabel.swift */,
				D427F68527FD96DA00E7F4E9 /* QrCodeScannerButton.swift */,
				D427F68727FD994700E7F4E9 /* QrCodeScannerUiImageView.swift */,
			);
			path = QrCodeScannerView;
			sourceTree = "<group>";
		};
		D427F67927FD897400E7F4E9 /* Extension */ = {
			isa = PBXGroup;
			children = (
				D427F67B27FD899200E7F4E9 /* UIColorExtension.swift */,
				D427F68927FDB50B00E7F4E9 /* UIImageExtension.swift */,
				D427F6DC28032C9200E7F4E9 /* UILabelExtension.swift */,
			);
			path = Extension;
			sourceTree = "<group>";
		};
		D427F67D27FD89DB00E7F4E9 /* View */ = {
			isa = PBXGroup;
			children = (
				D427F67427FD78A300E7F4E9 /* QrCodeScannerView */,
				D427F68D27FF175E00E7F4E9 /* RegisterUserView */,
				D427F6CF28031E4E00E7F4E9 /* LogInView */,
				D427F6DE28040D0300E7F4E9 /* ChooseRegisterOrLogInView */,
				D477CB09280C527100B7A07B /* CalendarView */,
			);
			path = View;
			sourceTree = "<group>";
		};
		D427F67F27FD8A4000E7F4E9 /* Enum */ = {
			isa = PBXGroup;
			children = (
				D427F68127FD8A6600E7F4E9 /* Color.swift */,
			);
			path = Enum;
			sourceTree = "<group>";
		};
		D427F68027FD8A5000E7F4E9 /* Model */ = {
			isa = PBXGroup;
			children = (
				D427F67F27FD8A4000E7F4E9 /* Enum */,
			);
			path = Model;
			sourceTree = "<group>";
		};
		D427F68D27FF175E00E7F4E9 /* RegisterUserView */ = {
			isa = PBXGroup;
			children = (
				D427F68E27FF178300E7F4E9 /* RegisterUserViewController.swift */,
				D427F69A27FFE54700E7F4E9 /* WelcomeViewController.swift */,
				D427F69E27FFEE3D00E7F4E9 /* RegisterNickNameViewController.swift */,
				D427F6A027FFFCE500E7F4E9 /* RegisterUserIconViewController.swift */,
				D427F6A42800236C00E7F4E9 /* ConfirmUserViewController.swift */,
				D427F69027FF17FC00E7F4E9 /* RegisterLabel.swift */,
				D427F69227FF181900E7F4E9 /* RegisterButton.swift */,
				D427F69427FF183100E7F4E9 /* RegisterTextField.swift */,
				D427F69827FF243200E7F4E9 /* RegisterSecretButton.swift */,
				D427F69C27FFE60700E7F4E9 /* RegisterUIImageView.swift */,
				D427F6A227FFFD1400E7F4E9 /* RegisterUserIconButton.swift */,
			);
			path = RegisterUserView;
			sourceTree = "<group>";
		};
		D427F6CF28031E4E00E7F4E9 /* LogInView */ = {
			isa = PBXGroup;
			children = (
				D427F6D028031E6E00E7F4E9 /* LogInViewController.swift */,
				D427F6D628031EBD00E7F4E9 /* LogInLabel.swift */,
				D427F6D428031EB300E7F4E9 /* LogInTextField.swift */,
				D427F6D228031EA600E7F4E9 /* LogInButton.swift */,
				D427F6D828031F5100E7F4E9 /* LogInSecretButton.swift */,
				D427F6DA280320D700E7F4E9 /* LogInUIImageView.swift */,
			);
			path = LogInView;
			sourceTree = "<group>";
		};
		D427F6DE28040D0300E7F4E9 /* ChooseRegisterOrLogInView */ = {
			isa = PBXGroup;
			children = (
				D427F6DF28040D4000E7F4E9 /* ChooseRegisterOrLogInViewController.swift */,
				D427F6E328040DD600E7F4E9 /* ChooseRegisterOrLogInUIImageView.swift */,
				D427F6E128040DB500E7F4E9 /* ChooseRegisterOrLogInButton.swift */,
			);
			path = ChooseRegisterOrLogInView;
			sourceTree = "<group>";
		};
		D476DFAD27FD398500A1EDE3 = {
			isa = PBXGroup;
			children = (
				D476DFB827FD398500A1EDE3 /* TIMELAB */,
				D476DFB727FD398500A1EDE3 /* Products */,
			);
			sourceTree = "<group>";
		};
		D476DFB727FD398500A1EDE3 /* Products */ = {
			isa = PBXGroup;
			children = (
				D476DFB627FD398500A1EDE3 /* TIMELAB.app */,
			);
			name = Products;
			sourceTree = "<group>";
		};
		D476DFB827FD398500A1EDE3 /* TIMELAB */ = {
			isa = PBXGroup;
			children = (
				D476DFB927FD398500A1EDE3 /* AppDelegate.swift */,
				D476DFBB27FD398500A1EDE3 /* SceneDelegate.swift */,
				D427F67927FD897400E7F4E9 /* Extension */,
				D427F68027FD8A5000E7F4E9 /* Model */,
				D427F67D27FD89DB00E7F4E9 /* View */,
				D476DFBD27FD398500A1EDE3 /* ViewController.swift */,
				D476DFC227FD398700A1EDE3 /* Assets.xcassets */,
				D476DFC427FD398700A1EDE3 /* LaunchScreen.storyboard */,
				D476DFC727FD398700A1EDE3 /* Info.plist */,
			);
			path = TIMELAB;
			sourceTree = "<group>";
		};
		D477CB09280C527100B7A07B /* CalendarView */ = {
			isa = PBXGroup;
			children = (
				D477CB0A280C529E00B7A07B /* CalendarViewController.swift */,
				D477CB0C280C52B100B7A07B /* CalendarView.swift */,
			);
			path = CalendarView;
			sourceTree = "<group>";
		};
/* End PBXGroup section */

/* Begin PBXNativeTarget section */
		D476DFB527FD398500A1EDE3 /* TIMELAB */ = {
			isa = PBXNativeTarget;
			buildConfigurationList = D476DFCA27FD398700A1EDE3 /* Build configuration list for PBXNativeTarget "TIMELAB" */;
			buildPhases = (
				D476DFB227FD398500A1EDE3 /* Sources */,
				D476DFB327FD398500A1EDE3 /* Frameworks */,
				D476DFB427FD398500A1EDE3 /* Resources */,
			);
			buildRules = (
			);
			dependencies = (
			);
			name = TIMELAB;
			packageProductDependencies = (
				D427F64327FD41D000E7F4E9 /* QRScanner */,
				D427F64627FD41FB00E7F4E9 /* SnapKit */,
				D427F65427FD42CB00E7F4E9 /* PKHUD */,
				D427F65727FD43DC00E7F4E9 /* FirebaseAnalytics */,
				D427F65927FD43DC00E7F4E9 /* FirebaseAppCheck */,
				D427F65B27FD43DC00E7F4E9 /* FirebaseAuth */,
				D427F65D27FD43DC00E7F4E9 /* FirebaseDatabase */,
				D427F65F27FD43DC00E7F4E9 /* FirebaseFirestore */,
				D427F66127FD43DC00E7F4E9 /* FirebaseFunctions */,
				D427F66327FD43DC00E7F4E9 /* FirebaseMessaging */,
				D427F66527FD43DC00E7F4E9 /* FirebaseStorage */,
				D427F66827FD44CC00E7F4E9 /* Alamofire */,
				D427F66B27FD453D00E7F4E9 /* SwiftyJSON */,
				D427F66E27FD46AF00E7F4E9 /* RxCocoa */,
				D427F67027FD46AF00E7F4E9 /* RxRelay */,
				D427F67227FD46AF00E7F4E9 /* RxSwift */,
				D427F6CD2801351700E7F4E9 /* IQKeyboardManagerSwift */,
				D477CB0F280C536C00B7A07B /* FSCalendar */,
			);
			productName = TIMELAB;
			productReference = D476DFB627FD398500A1EDE3 /* TIMELAB.app */;
			productType = "com.apple.product-type.application";
		};
/* End PBXNativeTarget section */

/* Begin PBXProject section */
		D476DFAE27FD398500A1EDE3 /* Project object */ = {
			isa = PBXProject;
			attributes = {
				BuildIndependentTargetsInParallel = 1;
				LastSwiftUpdateCheck = 1330;
				LastUpgradeCheck = 1330;
				TargetAttributes = {
					D476DFB527FD398500A1EDE3 = {
						CreatedOnToolsVersion = 13.3;
					};
				};
			};
			buildConfigurationList = D476DFB127FD398500A1EDE3 /* Build configuration list for PBXProject "TIMELAB" */;
			compatibilityVersion = "Xcode 13.0";
			developmentRegion = en;
			hasScannedForEncodings = 0;
			knownRegions = (
				en,
				Base,
			);
			mainGroup = D476DFAD27FD398500A1EDE3;
			packageReferences = (
				D427F64227FD41D000E7F4E9 /* XCRemoteSwiftPackageReference "QRScanner" */,
				D427F64527FD41FB00E7F4E9 /* XCRemoteSwiftPackageReference "SnapKit" */,
				D427F65327FD42CB00E7F4E9 /* XCRemoteSwiftPackageReference "PKHUD" */,
				D427F65627FD43DC00E7F4E9 /* XCRemoteSwiftPackageReference "firebase-ios-sdk" */,
				D427F66727FD44CC00E7F4E9 /* XCRemoteSwiftPackageReference "Alamofire" */,
				D427F66A27FD453D00E7F4E9 /* XCRemoteSwiftPackageReference "SwiftyJSON" */,
				D427F66D27FD46AF00E7F4E9 /* XCRemoteSwiftPackageReference "RxSwift" */,
				D427F6CC2801351600E7F4E9 /* XCRemoteSwiftPackageReference "IQKeyboardManager" */,
				D477CB0E280C536C00B7A07B /* XCRemoteSwiftPackageReference "FSCalendar" */,
			);
			productRefGroup = D476DFB727FD398500A1EDE3 /* Products */;
			projectDirPath = "";
			projectRoot = "";
			targets = (
				D476DFB527FD398500A1EDE3 /* TIMELAB */,
			);
		};
/* End PBXProject section */

/* Begin PBXResourcesBuildPhase section */
		D476DFB427FD398500A1EDE3 /* Resources */ = {
			isa = PBXResourcesBuildPhase;
			buildActionMask = 2147483647;
			files = (
				D476DFC627FD398700A1EDE3 /* LaunchScreen.storyboard in Resources */,
				D476DFC327FD398700A1EDE3 /* Assets.xcassets in Resources */,
			);
			runOnlyForDeploymentPostprocessing = 0;
		};
/* End PBXResourcesBuildPhase section */

/* Begin PBXSourcesBuildPhase section */
		D476DFB227FD398500A1EDE3 /* Sources */ = {
			isa = PBXSourcesBuildPhase;
			buildActionMask = 2147483647;
			files = (
				D427F6A52800236C00E7F4E9 /* ConfirmUserViewController.swift in Sources */,
				D476DFBE27FD398500A1EDE3 /* ViewController.swift in Sources */,
				D427F6DB280320D700E7F4E9 /* LogInUIImageView.swift in Sources */,
				D477CB0B280C529E00B7A07B /* CalendarViewController.swift in Sources */,
				D427F67627FD78CA00E7F4E9 /* QrCodeScannerViewController.swift in Sources */,
				D427F69527FF183100E7F4E9 /* RegisterTextField.swift in Sources */,
				D427F68227FD8A6600E7F4E9 /* Color.swift in Sources */,
				D427F68427FD956000E7F4E9 /* QrCodeScannerLabel.swift in Sources */,
				D427F68F27FF178300E7F4E9 /* RegisterUserViewController.swift in Sources */,
				D427F68A27FDB50B00E7F4E9 /* UIImageExtension.swift in Sources */,
				D427F6E028040D4000E7F4E9 /* ChooseRegisterOrLogInViewController.swift in Sources */,
				D476DFBA27FD398500A1EDE3 /* AppDelegate.swift in Sources */,
				D427F69127FF17FD00E7F4E9 /* RegisterLabel.swift in Sources */,
				D427F6A327FFFD1400E7F4E9 /* RegisterUserIconButton.swift in Sources */,
				D427F68627FD96DA00E7F4E9 /* QrCodeScannerButton.swift in Sources */,
				D427F6D528031EB300E7F4E9 /* LogInTextField.swift in Sources */,
				D427F6D928031F5100E7F4E9 /* LogInSecretButton.swift in Sources */,
				D427F67C27FD899200E7F4E9 /* UIColorExtension.swift in Sources */,
				D427F6DD28032C9200E7F4E9 /* UILabelExtension.swift in Sources */,
				D427F6E228040DB500E7F4E9 /* ChooseRegisterOrLogInButton.swift in Sources */,
				D477CB0D280C52B100B7A07B /* CalendarView.swift in Sources */,
				D427F69327FF181900E7F4E9 /* RegisterButton.swift in Sources */,
				D427F69927FF243200E7F4E9 /* RegisterSecretButton.swift in Sources */,
				D476DFBC27FD398500A1EDE3 /* SceneDelegate.swift in Sources */,
				D427F69F27FFEE3D00E7F4E9 /* RegisterNickNameViewController.swift in Sources */,
				D427F6D728031EBD00E7F4E9 /* LogInLabel.swift in Sources */,
				D427F6D328031EA600E7F4E9 /* LogInButton.swift in Sources */,
				D427F6A127FFFCE500E7F4E9 /* RegisterUserIconViewController.swift in Sources */,
				D427F6D128031E6E00E7F4E9 /* LogInViewController.swift in Sources */,
				D427F67827FD7FD600E7F4E9 /* MaskCaLayer.swift in Sources */,
				D427F68827FD994700E7F4E9 /* QrCodeScannerUiImageView.swift in Sources */,
				D427F6E428040DD600E7F4E9 /* ChooseRegisterOrLogInUIImageView.swift in Sources */,
				D427F69B27FFE54700E7F4E9 /* WelcomeViewController.swift in Sources */,
				D427F69D27FFE60700E7F4E9 /* RegisterUIImageView.swift in Sources */,
			);
			runOnlyForDeploymentPostprocessing = 0;
		};
/* End PBXSourcesBuildPhase section */

/* Begin PBXVariantGroup section */
		D476DFC427FD398700A1EDE3 /* LaunchScreen.storyboard */ = {
			isa = PBXVariantGroup;
			children = (
				D476DFC527FD398700A1EDE3 /* Base */,
			);
			name = LaunchScreen.storyboard;
			sourceTree = "<group>";
		};
/* End PBXVariantGroup section */

/* Begin XCBuildConfiguration section */
		D476DFC827FD398700A1EDE3 /* Debug */ = {
			isa = XCBuildConfiguration;
			buildSettings = {
				ALWAYS_SEARCH_USER_PATHS = NO;
				CLANG_ANALYZER_NONNULL = YES;
				CLANG_ANALYZER_NUMBER_OBJECT_CONVERSION = YES_AGGRESSIVE;
				CLANG_CXX_LANGUAGE_STANDARD = "gnu++17";
				CLANG_ENABLE_MODULES = YES;
				CLANG_ENABLE_OBJC_ARC = YES;
				CLANG_ENABLE_OBJC_WEAK = YES;
				CLANG_WARN_BLOCK_CAPTURE_AUTORELEASING = YES;
				CLANG_WARN_BOOL_CONVERSION = YES;
				CLANG_WARN_COMMA = YES;
				CLANG_WARN_CONSTANT_CONVERSION = YES;
				CLANG_WARN_DEPRECATED_OBJC_IMPLEMENTATIONS = YES;
				CLANG_WARN_DIRECT_OBJC_ISA_USAGE = YES_ERROR;
				CLANG_WARN_DOCUMENTATION_COMMENTS = YES;
				CLANG_WARN_EMPTY_BODY = YES;
				CLANG_WARN_ENUM_CONVERSION = YES;
				CLANG_WARN_INFINITE_RECURSION = YES;
				CLANG_WARN_INT_CONVERSION = YES;
				CLANG_WARN_NON_LITERAL_NULL_CONVERSION = YES;
				CLANG_WARN_OBJC_IMPLICIT_RETAIN_SELF = YES;
				CLANG_WARN_OBJC_LITERAL_CONVERSION = YES;
				CLANG_WARN_OBJC_ROOT_CLASS = YES_ERROR;
				CLANG_WARN_QUOTED_INCLUDE_IN_FRAMEWORK_HEADER = YES;
				CLANG_WARN_RANGE_LOOP_ANALYSIS = YES;
				CLANG_WARN_STRICT_PROTOTYPES = YES;
				CLANG_WARN_SUSPICIOUS_MOVE = YES;
				CLANG_WARN_UNGUARDED_AVAILABILITY = YES_AGGRESSIVE;
				CLANG_WARN_UNREACHABLE_CODE = YES;
				CLANG_WARN__DUPLICATE_METHOD_MATCH = YES;
				COPY_PHASE_STRIP = NO;
				DEBUG_INFORMATION_FORMAT = dwarf;
				ENABLE_STRICT_OBJC_MSGSEND = YES;
				ENABLE_TESTABILITY = YES;
				GCC_C_LANGUAGE_STANDARD = gnu11;
				GCC_DYNAMIC_NO_PIC = NO;
				GCC_NO_COMMON_BLOCKS = YES;
				GCC_OPTIMIZATION_LEVEL = 0;
				GCC_PREPROCESSOR_DEFINITIONS = (
					"DEBUG=1",
					"$(inherited)",
				);
				GCC_WARN_64_TO_32_BIT_CONVERSION = YES;
				GCC_WARN_ABOUT_RETURN_TYPE = YES_ERROR;
				GCC_WARN_UNDECLARED_SELECTOR = YES;
				GCC_WARN_UNINITIALIZED_AUTOS = YES_AGGRESSIVE;
				GCC_WARN_UNUSED_FUNCTION = YES;
				GCC_WARN_UNUSED_VARIABLE = YES;
				IPHONEOS_DEPLOYMENT_TARGET = 15.4;
				MTL_ENABLE_DEBUG_INFO = INCLUDE_SOURCE;
				MTL_FAST_MATH = YES;
				ONLY_ACTIVE_ARCH = YES;
				SDKROOT = iphoneos;
				SWIFT_ACTIVE_COMPILATION_CONDITIONS = DEBUG;
				SWIFT_OPTIMIZATION_LEVEL = "-Onone";
			};
			name = Debug;
		};
		D476DFC927FD398700A1EDE3 /* Release */ = {
			isa = XCBuildConfiguration;
			buildSettings = {
				ALWAYS_SEARCH_USER_PATHS = NO;
				CLANG_ANALYZER_NONNULL = YES;
				CLANG_ANALYZER_NUMBER_OBJECT_CONVERSION = YES_AGGRESSIVE;
				CLANG_CXX_LANGUAGE_STANDARD = "gnu++17";
				CLANG_ENABLE_MODULES = YES;
				CLANG_ENABLE_OBJC_ARC = YES;
				CLANG_ENABLE_OBJC_WEAK = YES;
				CLANG_WARN_BLOCK_CAPTURE_AUTORELEASING = YES;
				CLANG_WARN_BOOL_CONVERSION = YES;
				CLANG_WARN_COMMA = YES;
				CLANG_WARN_CONSTANT_CONVERSION = YES;
				CLANG_WARN_DEPRECATED_OBJC_IMPLEMENTATIONS = YES;
				CLANG_WARN_DIRECT_OBJC_ISA_USAGE = YES_ERROR;
				CLANG_WARN_DOCUMENTATION_COMMENTS = YES;
				CLANG_WARN_EMPTY_BODY = YES;
				CLANG_WARN_ENUM_CONVERSION = YES;
				CLANG_WARN_INFINITE_RECURSION = YES;
				CLANG_WARN_INT_CONVERSION = YES;
				CLANG_WARN_NON_LITERAL_NULL_CONVERSION = YES;
				CLANG_WARN_OBJC_IMPLICIT_RETAIN_SELF = YES;
				CLANG_WARN_OBJC_LITERAL_CONVERSION = YES;
				CLANG_WARN_OBJC_ROOT_CLASS = YES_ERROR;
				CLANG_WARN_QUOTED_INCLUDE_IN_FRAMEWORK_HEADER = YES;
				CLANG_WARN_RANGE_LOOP_ANALYSIS = YES;
				CLANG_WARN_STRICT_PROTOTYPES = YES;
				CLANG_WARN_SUSPICIOUS_MOVE = YES;
				CLANG_WARN_UNGUARDED_AVAILABILITY = YES_AGGRESSIVE;
				CLANG_WARN_UNREACHABLE_CODE = YES;
				CLANG_WARN__DUPLICATE_METHOD_MATCH = YES;
				COPY_PHASE_STRIP = NO;
				DEBUG_INFORMATION_FORMAT = "dwarf-with-dsym";
				ENABLE_NS_ASSERTIONS = NO;
				ENABLE_STRICT_OBJC_MSGSEND = YES;
				GCC_C_LANGUAGE_STANDARD = gnu11;
				GCC_NO_COMMON_BLOCKS = YES;
				GCC_WARN_64_TO_32_BIT_CONVERSION = YES;
				GCC_WARN_ABOUT_RETURN_TYPE = YES_ERROR;
				GCC_WARN_UNDECLARED_SELECTOR = YES;
				GCC_WARN_UNINITIALIZED_AUTOS = YES_AGGRESSIVE;
				GCC_WARN_UNUSED_FUNCTION = YES;
				GCC_WARN_UNUSED_VARIABLE = YES;
				IPHONEOS_DEPLOYMENT_TARGET = 15.4;
				MTL_ENABLE_DEBUG_INFO = NO;
				MTL_FAST_MATH = YES;
				SDKROOT = iphoneos;
				SWIFT_COMPILATION_MODE = wholemodule;
				SWIFT_OPTIMIZATION_LEVEL = "-O";
				VALIDATE_PRODUCT = YES;
			};
			name = Release;
		};
		D476DFCB27FD398700A1EDE3 /* Debug */ = {
			isa = XCBuildConfiguration;
			buildSettings = {
				ASSETCATALOG_COMPILER_APPICON_NAME = AppIcon;
				ASSETCATALOG_COMPILER_GLOBAL_ACCENT_COLOR_NAME = AccentColor;
				CODE_SIGN_STYLE = Automatic;
				CURRENT_PROJECT_VERSION = 1;
				DEVELOPMENT_TEAM = BR3T8YBB5L;
				GENERATE_INFOPLIST_FILE = YES;
				INFOPLIST_FILE = TIMELAB/Info.plist;
				INFOPLIST_KEY_UIApplicationSupportsIndirectInputEvents = YES;
				INFOPLIST_KEY_UILaunchStoryboardName = LaunchScreen;
				INFOPLIST_KEY_UISupportedInterfaceOrientations_iPad = "UIInterfaceOrientationPortrait UIInterfaceOrientationPortraitUpsideDown UIInterfaceOrientationLandscapeLeft UIInterfaceOrientationLandscapeRight";
				INFOPLIST_KEY_UISupportedInterfaceOrientations_iPhone = "UIInterfaceOrientationPortrait UIInterfaceOrientationLandscapeLeft UIInterfaceOrientationLandscapeRight";
				LD_RUNPATH_SEARCH_PATHS = (
					"$(inherited)",
					"@executable_path/Frameworks",
				);
				MARKETING_VERSION = 1.0;
				PRODUCT_BUNDLE_IDENTIFIER = com.gmail.yuukirinnma.TIMELAB;
				PRODUCT_NAME = "$(TARGET_NAME)";
				SWIFT_EMIT_LOC_STRINGS = YES;
				SWIFT_VERSION = 5.0;
				TARGETED_DEVICE_FAMILY = "1,2";
			};
			name = Debug;
		};
		D476DFCC27FD398700A1EDE3 /* Release */ = {
			isa = XCBuildConfiguration;
			buildSettings = {
				ASSETCATALOG_COMPILER_APPICON_NAME = AppIcon;
				ASSETCATALOG_COMPILER_GLOBAL_ACCENT_COLOR_NAME = AccentColor;
				CODE_SIGN_STYLE = Automatic;
				CURRENT_PROJECT_VERSION = 1;
				DEVELOPMENT_TEAM = BR3T8YBB5L;
				GENERATE_INFOPLIST_FILE = YES;
				INFOPLIST_FILE = TIMELAB/Info.plist;
				INFOPLIST_KEY_UIApplicationSupportsIndirectInputEvents = YES;
				INFOPLIST_KEY_UILaunchStoryboardName = LaunchScreen;
				INFOPLIST_KEY_UISupportedInterfaceOrientations_iPad = "UIInterfaceOrientationPortrait UIInterfaceOrientationPortraitUpsideDown UIInterfaceOrientationLandscapeLeft UIInterfaceOrientationLandscapeRight";
				INFOPLIST_KEY_UISupportedInterfaceOrientations_iPhone = "UIInterfaceOrientationPortrait UIInterfaceOrientationLandscapeLeft UIInterfaceOrientationLandscapeRight";
				LD_RUNPATH_SEARCH_PATHS = (
					"$(inherited)",
					"@executable_path/Frameworks",
				);
				MARKETING_VERSION = 1.0;
				PRODUCT_BUNDLE_IDENTIFIER = com.gmail.yuukirinnma.TIMELAB;
				PRODUCT_NAME = "$(TARGET_NAME)";
				SWIFT_EMIT_LOC_STRINGS = YES;
				SWIFT_VERSION = 5.0;
				TARGETED_DEVICE_FAMILY = "1,2";
			};
			name = Release;
		};
/* End XCBuildConfiguration section */

/* Begin XCConfigurationList section */
		D476DFB127FD398500A1EDE3 /* Build configuration list for PBXProject "TIMELAB" */ = {
			isa = XCConfigurationList;
			buildConfigurations = (
				D476DFC827FD398700A1EDE3 /* Debug */,
				D476DFC927FD398700A1EDE3 /* Release */,
			);
			defaultConfigurationIsVisible = 0;
			defaultConfigurationName = Release;
		};
		D476DFCA27FD398700A1EDE3 /* Build configuration list for PBXNativeTarget "TIMELAB" */ = {
			isa = XCConfigurationList;
			buildConfigurations = (
				D476DFCB27FD398700A1EDE3 /* Debug */,
				D476DFCC27FD398700A1EDE3 /* Release */,
			);
			defaultConfigurationIsVisible = 0;
			defaultConfigurationName = Release;
		};
/* End XCConfigurationList section */

/* Begin XCRemoteSwiftPackageReference section */
		D427F64227FD41D000E7F4E9 /* XCRemoteSwiftPackageReference "QRScanner" */ = {
			isa = XCRemoteSwiftPackageReference;
			repositoryURL = "https://github.com/mercari/QRScanner";
			requirement = {
				kind = upToNextMajorVersion;
				minimumVersion = 1.0.0;
			};
		};
		D427F64527FD41FB00E7F4E9 /* XCRemoteSwiftPackageReference "SnapKit" */ = {
			isa = XCRemoteSwiftPackageReference;
			repositoryURL = "https://github.com/SnapKit/SnapKit";
			requirement = {
				kind = upToNextMajorVersion;
				minimumVersion = 5.0.0;
			};
		};
		D427F65327FD42CB00E7F4E9 /* XCRemoteSwiftPackageReference "PKHUD" */ = {
			isa = XCRemoteSwiftPackageReference;
			repositoryURL = "https://github.com/pkluz/PKHUD";
			requirement = {
				kind = upToNextMajorVersion;
				minimumVersion = 5.0.0;
			};
		};
		D427F65627FD43DC00E7F4E9 /* XCRemoteSwiftPackageReference "firebase-ios-sdk" */ = {
			isa = XCRemoteSwiftPackageReference;
			repositoryURL = "https://github.com/firebase/firebase-ios-sdk";
			requirement = {
				kind = upToNextMajorVersion;
				minimumVersion = 8.0.0;
			};
		};
		D427F66727FD44CC00E7F4E9 /* XCRemoteSwiftPackageReference "Alamofire" */ = {
			isa = XCRemoteSwiftPackageReference;
			repositoryURL = "https://github.com/Alamofire/Alamofire";
			requirement = {
				kind = upToNextMajorVersion;
				minimumVersion = 5.0.0;
			};
		};
		D427F66A27FD453D00E7F4E9 /* XCRemoteSwiftPackageReference "SwiftyJSON" */ = {
			isa = XCRemoteSwiftPackageReference;
			repositoryURL = "https://github.com/SwiftyJSON/SwiftyJSON";
			requirement = {
				kind = upToNextMajorVersion;
				minimumVersion = 5.0.0;
			};
		};
		D427F66D27FD46AF00E7F4E9 /* XCRemoteSwiftPackageReference "RxSwift" */ = {
			isa = XCRemoteSwiftPackageReference;
			repositoryURL = "https://github.com/ReactiveX/RxSwift";
			requirement = {
				kind = upToNextMajorVersion;
				minimumVersion = 6.0.0;
			};
		};
		D427F6CC2801351600E7F4E9 /* XCRemoteSwiftPackageReference "IQKeyboardManager" */ = {
			isa = XCRemoteSwiftPackageReference;
			repositoryURL = "https://github.com/hackiftekhar/IQKeyboardManager";
			requirement = {
				branch = master;
				kind = branch;
			};
		};
		D477CB0E280C536C00B7A07B /* XCRemoteSwiftPackageReference "FSCalendar" */ = {
			isa = XCRemoteSwiftPackageReference;
			repositoryURL = "https://github.com/WenchaoD/FSCalendar";
			requirement = {
				kind = upToNextMajorVersion;
				minimumVersion = 2.0.0;
			};
		};
/* End XCRemoteSwiftPackageReference section */

/* Begin XCSwiftPackageProductDependency section */
		D427F64327FD41D000E7F4E9 /* QRScanner */ = {
			isa = XCSwiftPackageProductDependency;
			package = D427F64227FD41D000E7F4E9 /* XCRemoteSwiftPackageReference "QRScanner" */;
			productName = QRScanner;
		};
		D427F64627FD41FB00E7F4E9 /* SnapKit */ = {
			isa = XCSwiftPackageProductDependency;
			package = D427F64527FD41FB00E7F4E9 /* XCRemoteSwiftPackageReference "SnapKit" */;
			productName = SnapKit;
		};
		D427F65427FD42CB00E7F4E9 /* PKHUD */ = {
			isa = XCSwiftPackageProductDependency;
			package = D427F65327FD42CB00E7F4E9 /* XCRemoteSwiftPackageReference "PKHUD" */;
			productName = PKHUD;
		};
		D427F65727FD43DC00E7F4E9 /* FirebaseAnalytics */ = {
			isa = XCSwiftPackageProductDependency;
			package = D427F65627FD43DC00E7F4E9 /* XCRemoteSwiftPackageReference "firebase-ios-sdk" */;
			productName = FirebaseAnalytics;
		};
		D427F65927FD43DC00E7F4E9 /* FirebaseAppCheck */ = {
			isa = XCSwiftPackageProductDependency;
			package = D427F65627FD43DC00E7F4E9 /* XCRemoteSwiftPackageReference "firebase-ios-sdk" */;
			productName = FirebaseAppCheck;
		};
		D427F65B27FD43DC00E7F4E9 /* FirebaseAuth */ = {
			isa = XCSwiftPackageProductDependency;
			package = D427F65627FD43DC00E7F4E9 /* XCRemoteSwiftPackageReference "firebase-ios-sdk" */;
			productName = FirebaseAuth;
		};
		D427F65D27FD43DC00E7F4E9 /* FirebaseDatabase */ = {
			isa = XCSwiftPackageProductDependency;
			package = D427F65627FD43DC00E7F4E9 /* XCRemoteSwiftPackageReference "firebase-ios-sdk" */;
			productName = FirebaseDatabase;
		};
		D427F65F27FD43DC00E7F4E9 /* FirebaseFirestore */ = {
			isa = XCSwiftPackageProductDependency;
			package = D427F65627FD43DC00E7F4E9 /* XCRemoteSwiftPackageReference "firebase-ios-sdk" */;
			productName = FirebaseFirestore;
		};
		D427F66127FD43DC00E7F4E9 /* FirebaseFunctions */ = {
			isa = XCSwiftPackageProductDependency;
			package = D427F65627FD43DC00E7F4E9 /* XCRemoteSwiftPackageReference "firebase-ios-sdk" */;
			productName = FirebaseFunctions;
		};
		D427F66327FD43DC00E7F4E9 /* FirebaseMessaging */ = {
			isa = XCSwiftPackageProductDependency;
			package = D427F65627FD43DC00E7F4E9 /* XCRemoteSwiftPackageReference "firebase-ios-sdk" */;
			productName = FirebaseMessaging;
		};
		D427F66527FD43DC00E7F4E9 /* FirebaseStorage */ = {
			isa = XCSwiftPackageProductDependency;
			package = D427F65627FD43DC00E7F4E9 /* XCRemoteSwiftPackageReference "firebase-ios-sdk" */;
			productName = FirebaseStorage;
		};
		D427F66827FD44CC00E7F4E9 /* Alamofire */ = {
			isa = XCSwiftPackageProductDependency;
			package = D427F66727FD44CC00E7F4E9 /* XCRemoteSwiftPackageReference "Alamofire" */;
			productName = Alamofire;
		};
		D427F66B27FD453D00E7F4E9 /* SwiftyJSON */ = {
			isa = XCSwiftPackageProductDependency;
			package = D427F66A27FD453D00E7F4E9 /* XCRemoteSwiftPackageReference "SwiftyJSON" */;
			productName = SwiftyJSON;
		};
		D427F66E27FD46AF00E7F4E9 /* RxCocoa */ = {
			isa = XCSwiftPackageProductDependency;
			package = D427F66D27FD46AF00E7F4E9 /* XCRemoteSwiftPackageReference "RxSwift" */;
			productName = RxCocoa;
		};
		D427F67027FD46AF00E7F4E9 /* RxRelay */ = {
			isa = XCSwiftPackageProductDependency;
			package = D427F66D27FD46AF00E7F4E9 /* XCRemoteSwiftPackageReference "RxSwift" */;
			productName = RxRelay;
		};
		D427F67227FD46AF00E7F4E9 /* RxSwift */ = {
			isa = XCSwiftPackageProductDependency;
			package = D427F66D27FD46AF00E7F4E9 /* XCRemoteSwiftPackageReference "RxSwift" */;
			productName = RxSwift;
		};
		D427F6CD2801351700E7F4E9 /* IQKeyboardManagerSwift */ = {
			isa = XCSwiftPackageProductDependency;
			package = D427F6CC2801351600E7F4E9 /* XCRemoteSwiftPackageReference "IQKeyboardManager" */;
			productName = IQKeyboardManagerSwift;
		};
		D477CB0F280C536C00B7A07B /* FSCalendar */ = {
			isa = XCSwiftPackageProductDependency;
			package = D477CB0E280C536C00B7A07B /* XCRemoteSwiftPackageReference "FSCalendar" */;
			productName = FSCalendar;
		};
/* End XCSwiftPackageProductDependency section */
	};
	rootObject = D476DFAE27FD398500A1EDE3 /* Project object */;
}
