{
  "pins" : [
    {
      "identity" : "abseil-cpp-swiftpm",
      "kind" : "remoteSourceControl",
      "location" : "https://github.com/firebase/abseil-cpp-SwiftPM.git",
      "state" : {
        "revision" : "fffc3c2729be5747390ad02d5100291a0d9ad26a",
        "version" : "0.20200225.4"
      }
    },
    {
      "identity" : "alamofire",
      "kind" : "remoteSourceControl",
      "location" : "https://github.com/Alamofire/Alamofire",
      "state" : {
        "revision" : "f82c23a8a7ef8dc1a49a8bfc6a96883e79121864",
        "version" : "5.5.0"
      }
    },
    {
      "identity" : "boringssl-swiftpm",
      "kind" : "remoteSourceControl",
      "location" : "https://github.com/firebase/boringssl-SwiftPM.git",
      "state" : {
        "revision" : "734a8247442fde37df4364c21f6a0085b6a36728",
        "version" : "0.7.2"
      }
    },
    {
      "identity" : "firebase-ios-sdk",
      "kind" : "remoteSourceControl",
      "location" : "https://github.com/firebase/firebase-ios-sdk",
      "state" : {
        "revision" : "ccb2bccb82e62ad9e8a4e757a43ce6a04ceae1c9",
        "version" : "8.14.0"
      }
    },
    {
      "identity" : "googleappmeasurement",
      "kind" : "remoteSourceControl",
      "location" : "https://github.com/google/GoogleAppMeasurement.git",
      "state" : {
        "revision" : "9b74e6a3f875208c04c22b39b580a21d4de0f4f9",
        "version" : "8.14.0"
      }
    },
    {
      "identity" : "googledatatransport",
      "kind" : "remoteSourceControl",
      "location" : "https://github.com/google/GoogleDataTransport.git",
      "state" : {
        "revision" : "15ccdfd25ac55b9239b82809531ff26605e7556e",
        "version" : "9.1.2"
      }
    },
    {
      "identity" : "googleutilities",
      "kind" : "remoteSourceControl",
      "location" : "https://github.com/google/GoogleUtilities.git",
      "state" : {
        "revision" : "b3bb0c5551fb3f80ca939829639ab5b093edd14f",
        "version" : "7.7.0"
      }
    },
    {
      "identity" : "grpc-swiftpm",
      "kind" : "remoteSourceControl",
      "location" : "https://github.com/firebase/grpc-SwiftPM.git",
      "state" : {
        "revision" : "fb405dd2c7901485f7e158b24e3a0a47e4efd8b5",
        "version" : "1.28.4"
      }
    },
    {
      "identity" : "gtm-session-fetcher",
      "kind" : "remoteSourceControl",
      "location" : "https://github.com/google/gtm-session-fetcher.git",
      "state" : {
        "revision" : "eca9404a18f53727e4698211aaf2615eb93b962a",
        "version" : "1.7.1"
      }
    },
    {
      "identity" : "iqkeyboardmanager",
      "kind" : "remoteSourceControl",
      "location" : "https://github.com/hackiftekhar/IQKeyboardManager",
      "state" : {
        "branch" : "master",
        "revision" : "09d22c087732b02d4fb594c7bb61502bf7bb2378"
      }
    },
    {
      "identity" : "leveldb",
      "kind" : "remoteSourceControl",
      "location" : "https://github.com/firebase/leveldb.git",
      "state" : {
        "revision" : "0706abcc6b0bd9cedfbb015ba840e4a780b5159b",
        "version" : "1.22.2"
      }
    },
    {
      "identity" : "nanopb",
      "kind" : "remoteSourceControl",
      "location" : "https://github.com/firebase/nanopb.git",
      "state" : {
        "revision" : "7ee9ef9f627d85cbe1b8c4f49a3ed26eed216c77",
        "version" : "2.30908.0"
      }
    },
    {
      "identity" : "pkhud",
      "kind" : "remoteSourceControl",
      "location" : "https://github.com/pkluz/PKHUD",
      "state" : {
        "revision" : "8fd26f23057c6bebd6695524b1c3e05e93aba571",
        "version" : "5.4.0"
      }
    },
    {
      "identity" : "promises",
      "kind" : "remoteSourceControl",
      "location" : "https://github.com/google/promises.git",
      "state" : {
        "revision" : "611337c330350c9c1823ad6d671e7f936af5ee13",
        "version" : "2.0.0"
      }
    },
    {
      "identity" : "qrscanner",
      "kind" : "remoteSourceControl",
      "location" : "https://github.com/mercari/QRScanner",
      "state" : {
        "revision" : "b9bbcabf8ce54974b56a63f403abc43930684314",
        "version" : "1.9.0"
      }
    },
    {
      "identity" : "rxswift",
      "kind" : "remoteSourceControl",
      "location" : "https://github.com/ReactiveX/RxSwift",
      "state" : {
        "revision" : "b4307ba0b6425c0ba4178e138799946c3da594f8",
        "version" : "6.5.0"
      }
    },
    {
      "identity" : "snapkit",
      "kind" : "remoteSourceControl",
      "location" : "https://github.com/SnapKit/SnapKit",
      "state" : {
        "revision" : "d458564516e5676af9c70b4f4b2a9178294f1bc6",
        "version" : "5.0.1"
      }
    },
    {
      "identity" : "swift-protobuf",
      "kind" : "remoteSourceControl",
      "location" : "https://github.com/apple/swift-protobuf.git",
      "state" : {
        "revision" : "e1499bc69b9040b29184f7f2996f7bab467c1639",
        "version" : "1.19.0"
      }
    },
    {
      "identity" : "swiftyjson",
      "kind" : "remoteSourceControl",
      "location" : "https://github.com/SwiftyJSON/SwiftyJSON",
      "state" : {
        "revision" : "b3dcd7dbd0d488e1a7077cb33b00f2083e382f07",
        "version" : "5.0.1"
      }
    }
  ],
  "version" : 2
}
